        "@testing-library/jest-dom": "^6.0.0",
        "@testing-library/react": "^14.0.0",
        "@testing-library/user-event": "^14.4.3",
        "peerjs": "^1.5.2",
        "react": "^18.2.0",
        "react-dom": "^18.2.0",
        "react-qrcode-logo": "^2.7.7",
        "react-redux": "^8.1.1",
        "react-scripts": "^5.0.1",
        "typescript": "^4.9.5",
        "web-vitals": "^3.1.0"
      "version": "4.9.5",
      "resolved": "https://registry.npmjs.org/typescript/-/typescript-4.9.5.tgz",
      "integrity": "sha512-ow3xWB6y1kL8j6k0KVE3D6Z0SqnX+0Gooy2cuglRez2oJ6TP2PzefRg2fzGEylh4G6dkcnnrn/hTyBC0bPt5Eg==",
      "version": "4.9.5",
      "resolved": "https://registry.npmjs.org/typescript/-/typescript-4.9.5.tgz",
      "integrity": "sha512-ow3xWB6y1kL8j6k0KVE3D6Z0SqnX+0Gooy2cuglRez2oJ6TP2PzefRg2fzGEylh4G6dkcnnrn/hTyBC0bPt5Eg=="
